
Microsoft Visual Studio Solution File, Format Version 9.00
# Visual Studio 2005
Project("{FAE04EC0-301F-11D3-BF4B-00C04F79EFBC}") = "SMOApplication", "SMOApplication.csproj", "{945DD281-08B3-4FD5-A400-0415EA94C237}"
EndProject
Global
	GlobalSection(SolutionConfigurationPlatforms) = preSolution
		Debug|Any CPU = Debug|Any CPU
		Release|Any CPU = Release|Any CPU
	EndGlobalSection
	GlobalSection(ProjectConfigurationPlatforms) = postSolution
		{945DD281-08B3-4FD5-A400-0415EA94C237}.Debug|Any CPU.ActiveCfg = Debug|Any CPU
		{945DD281-08B3-4FD5-A400-0415EA94C237}.Debug|Any CPU.Build.0 = Debug|Any CPU
		{945DD281-08B3-4FD5-A400-0415EA94C237}.Release|Any CPU.ActiveCfg = Release|Any CPU
		{945DD281-08B3-4FD5-A400-0415EA94C237}.Release|Any CPU.Build.0 = Release|Any CPU
	EndGlobalSection
	GlobalSection(SolutionProperties) = preSolution
		HideSolutionNode = FALSE
	EndGlobalSection
EndGlobal
