
Microsoft Visual Studio Solution File, Format Version 9.00
# Visual Studio 2005
Project("{D183A3D8-5FD8-494B-B014-37F57B35E655}") = "Extended Fuzzy", "Extended Fuzzy.dtproj", "{4C2B6FE7-90D3-4EB4-A000-8E0576D12F27}"
EndProject
Global
	GlobalSection(SolutionConfigurationPlatforms) = preSolution
		Development|Default = Development|Default
	EndGlobalSection
	GlobalSection(ProjectConfigurationPlatforms) = postSolution
		{4C2B6FE7-90D3-4EB4-A000-8E0576D12F27}.Development|Default.ActiveCfg = Development
		{4C2B6FE7-90D3-4EB4-A000-8E0576D12F27}.Development|Default.Build.0 = Development
	EndGlobalSection
	GlobalSection(SolutionProperties) = preSolution
		HideSolutionNode = FALSE
	EndGlobalSection
EndGlobal
