
Microsoft Visual Studio Solution File, Format Version 9.00
# Visual Studio 2005
Project("{FAE04EC0-301F-11D3-BF4B-00C04F79EFBC}") = "SMO.InAction", "SMO.InAction\SMO.InAction.csproj", "{93D9EB7D-ABF9-44BB-9A9A-26B9F79A2692}"
EndProject
Global
	GlobalSection(SolutionConfigurationPlatforms) = preSolution
		Debug|Any CPU = Debug|Any CPU
		Release|Any CPU = Release|Any CPU
	EndGlobalSection
	GlobalSection(ProjectConfigurationPlatforms) = postSolution
		{93D9EB7D-ABF9-44BB-9A9A-26B9F79A2692}.Debug|Any CPU.ActiveCfg = Debug|Any CPU
		{93D9EB7D-ABF9-44BB-9A9A-26B9F79A2692}.Debug|Any CPU.Build.0 = Debug|Any CPU
		{93D9EB7D-ABF9-44BB-9A9A-26B9F79A2692}.Release|Any CPU.ActiveCfg = Release|Any CPU
		{93D9EB7D-ABF9-44BB-9A9A-26B9F79A2692}.Release|Any CPU.Build.0 = Release|Any CPU
	EndGlobalSection
	GlobalSection(SolutionProperties) = preSolution
		HideSolutionNode = FALSE
	EndGlobalSection
EndGlobal
