
Microsoft Visual Studio Solution File, Format Version 9.00
# Visual Studio 2005
Project("{FAE04EC0-301F-11D3-BF4B-00C04F79EFBC}") = "WebServiceClient", "WebServiceClient.csproj", "{BC5AE951-E991-4139-8A75-DC10AD414E22}"
EndProject
Global
	GlobalSection(SolutionConfigurationPlatforms) = preSolution
		Debug|Any CPU = Debug|Any CPU
		Release|Any CPU = Release|Any CPU
	EndGlobalSection
	GlobalSection(ProjectConfigurationPlatforms) = postSolution
		{BC5AE951-E991-4139-8A75-DC10AD414E22}.Debug|Any CPU.ActiveCfg = Debug|Any CPU
		{BC5AE951-E991-4139-8A75-DC10AD414E22}.Debug|Any CPU.Build.0 = Debug|Any CPU
		{BC5AE951-E991-4139-8A75-DC10AD414E22}.Release|Any CPU.ActiveCfg = Release|Any CPU
		{BC5AE951-E991-4139-8A75-DC10AD414E22}.Release|Any CPU.Build.0 = Release|Any CPU
	EndGlobalSection
	GlobalSection(SolutionProperties) = preSolution
		HideSolutionNode = FALSE
	EndGlobalSection
EndGlobal
